// !$*UTF8*$!
{
	archiveVersion = 1;
	classes = {
	};
	objectVersion = 46;
	objects = {

/* Begin PBXBuildFile section */
		995B80911CEFA8A800D3D498 /* EditUserProfile.swift in Sources */ = {isa = PBXBuildFile; fileRef = 995B80901CEFA8A800D3D498 /* EditUserProfile.swift */; };
		9C12777E1CFDC2DF00B22C6E /* HistoryContainerViewController.swift in Sources */ = {isa = PBXBuildFile; fileRef = 9C12777D1CFDC2DF00B22C6E /* HistoryContainerViewController.swift */; };
		9C1277801CFDC3CF00B22C6E /* HistoryCenterViewController.swift in Sources */ = {isa = PBXBuildFile; fileRef = 9C12777F1CFDC3CF00B22C6E /* HistoryCenterViewController.swift */; };
		9C35E6561CE9B18700C5C0C8 /* ProfileContainerViewController.swift in Sources */ = {isa = PBXBuildFile; fileRef = 9C35E6551CE9B18700C5C0C8 /* ProfileContainerViewController.swift */; };
		9C35E6581CE9B1E900C5C0C8 /* ProfileCenterViewController.swift in Sources */ = {isa = PBXBuildFile; fileRef = 9C35E6571CE9B1E900C5C0C8 /* ProfileCenterViewController.swift */; };
		9C35E65C1CE9D31700C5C0C8 /* Shopping-Cart-icon.png in Resources */ = {isa = PBXBuildFile; fileRef = 9C35E65B1CE9D31700C5C0C8 /* Shopping-Cart-icon.png */; };
		9C35E65E1CE9D3F400C5C0C8 /* Shopping-Cart-icon2.png in Resources */ = {isa = PBXBuildFile; fileRef = 9C35E65D1CE9D3F400C5C0C8 /* Shopping-Cart-icon2.png */; };
		9C4E678A1CBAE9A2009D807A /* IconModel.swift in Sources */ = {isa = PBXBuildFile; fileRef = 9C4E67891CBAE9A2009D807A /* IconModel.swift */; };
		9C4E678C1CBAEBE1009D807A /* SwiftyJSON.swift in Sources */ = {isa = PBXBuildFile; fileRef = 9C4E678B1CBAEBE1009D807A /* SwiftyJSON.swift */; };
		9C4E678E1CBB1B85009D807A /* star.png in Resources */ = {isa = PBXBuildFile; fileRef = 9C4E678D1CBB1B85009D807A /* star.png */; };
		9C4E67901CBB1E89009D807A /* chest.png in Resources */ = {isa = PBXBuildFile; fileRef = 9C4E678F1CBB1E89009D807A /* chest.png */; };
		9C4E67921CBB1E99009D807A /* charging_iconcopy.png in Resources */ = {isa = PBXBuildFile; fileRef = 9C4E67911CBB1E99009D807A /* charging_iconcopy.png */; };
		9C4E67941CBB1EA2009D807A /* exit_icon.png in Resources */ = {isa = PBXBuildFile; fileRef = 9C4E67931CBB1EA2009D807A /* exit_icon.png */; };
		9C4E67961CBB1EAD009D807A /* streetLights_icon.png in Resources */ = {isa = PBXBuildFile; fileRef = 9C4E67951CBB1EAD009D807A /* streetLights_icon.png */; };
		9C506AC11D06C90F003EBAF1 /* EmptyPlaceHolderViewController.swift in Sources */ = {isa = PBXBuildFile; fileRef = 9C506AC01D06C90F003EBAF1 /* EmptyPlaceHolderViewController.swift */; };
		9C5AEC0B1D04BCA200D638CF /* PurchaseModel.swift in Sources */ = {isa = PBXBuildFile; fileRef = 9C5AEC0A1D04BCA200D638CF /* PurchaseModel.swift */; };
		9C5AEC0F1D04F54F00D638CF /* SuccessViewController.swift in Sources */ = {isa = PBXBuildFile; fileRef = 9C5AEC0E1D04F54F00D638CF /* SuccessViewController.swift */; };
		9C692A0C1D054B0C00DC677A /* RatingControl.swift in Sources */ = {isa = PBXBuildFile; fileRef = 9C692A0B1D054B0C00DC677A /* RatingControl.swift */; };
		9C692A0E1D055EDD00DC677A /* ReviewViewController.swift in Sources */ = {isa = PBXBuildFile; fileRef = 9C692A0D1D055EDD00DC677A /* ReviewViewController.swift */; };
		9C692A101D05769200DC677A /* ReviewModel.swift in Sources */ = {isa = PBXBuildFile; fileRef = 9C692A0F1D05769200DC677A /* ReviewModel.swift */; };
		9C75220F1CD6D8EB004E9D13 /* IconContainerViewController.swift in Sources */ = {isa = PBXBuildFile; fileRef = 9C75220E1CD6D8EB004E9D13 /* IconContainerViewController.swift */; };
		9C7522111CD6D92C004E9D13 /* IconCenterViewController.swift in Sources */ = {isa = PBXBuildFile; fileRef = 9C7522101CD6D92C004E9D13 /* IconCenterViewController.swift */; };
		9C7830C71CEC0A910070B06F /* Stripe.framework in Frameworks */ = {isa = PBXBuildFile; fileRef = 9C7830C61CEC0A910070B06F /* Stripe.framework */; };
		9C7830C91CEC0AFA0070B06F /* PaymentViewController.swift in Sources */ = {isa = PBXBuildFile; fileRef = 9C7830C81CEC0AFA0070B06F /* PaymentViewController.swift */; };
		9C7830CC1CEC1DEA0070B06F /* MGSwipeTableCell.framework in Frameworks */ = {isa = PBXBuildFile; fileRef = 9C7830CA1CEC1CDF0070B06F /* MGSwipeTableCell.framework */; };
		9C7830CD1CEC1DEA0070B06F /* MGSwipeTableCell.framework in Embed Frameworks */ = {isa = PBXBuildFile; fileRef = 9C7830CA1CEC1CDF0070B06F /* MGSwipeTableCell.framework */; settings = {ATTRIBUTES = (CodeSignOnCopy, RemoveHeadersOnCopy, ); }; };
		9C7EEBD11CB0A8F600A0F3A2 /* AppDelegate.swift in Sources */ = {isa = PBXBuildFile; fileRef = 9C7EEBD01CB0A8F600A0F3A2 /* AppDelegate.swift */; };
		9C7EEBD31CB0A8F600A0F3A2 /* ContainerViewController.swift in Sources */ = {isa = PBXBuildFile; fileRef = 9C7EEBD21CB0A8F600A0F3A2 /* ContainerViewController.swift */; };
		9C7EEBD61CB0A8F600A0F3A2 /* Main.storyboard in Resources */ = {isa = PBXBuildFile; fileRef = 9C7EEBD41CB0A8F600A0F3A2 /* Main.storyboard */; };
		9C7EEBD91CB0A8F600A0F3A2 /* iconmerce.xcdatamodeld in Sources */ = {isa = PBXBuildFile; fileRef = 9C7EEBD71CB0A8F600A0F3A2 /* iconmerce.xcdatamodeld */; };
		9C7EEBDB1CB0A8F600A0F3A2 /* Assets.xcassets in Resources */ = {isa = PBXBuildFile; fileRef = 9C7EEBDA1CB0A8F600A0F3A2 /* Assets.xcassets */; };
		9C7EEBE91CB0A8F600A0F3A2 /* iconmerceTests.swift in Sources */ = {isa = PBXBuildFile; fileRef = 9C7EEBE81CB0A8F600A0F3A2 /* iconmerceTests.swift */; };
		9C7EEBF41CB0A8F600A0F3A2 /* iconmerceUITests.swift in Sources */ = {isa = PBXBuildFile; fileRef = 9C7EEBF31CB0A8F600A0F3A2 /* iconmerceUITests.swift */; };
		9C7EEC021CB0D81D00A0F3A2 /* CenterViewController.swift in Sources */ = {isa = PBXBuildFile; fileRef = 9C7EEC011CB0D81D00A0F3A2 /* CenterViewController.swift */; };
		9C7EEC041CB0EF9B00A0F3A2 /* SidePanelViewController.swift in Sources */ = {isa = PBXBuildFile; fileRef = 9C7EEC031CB0EF9B00A0F3A2 /* SidePanelViewController.swift */; };
		9CDCBE7D1CDEEFD60073A005 /* SignupContainerViewController.swift in Sources */ = {isa = PBXBuildFile; fileRef = 9CDCBE7C1CDEEFD60073A005 /* SignupContainerViewController.swift */; };
		9CDCBE7F1CDEEFE20073A005 /* SignupCenterViewController.swift in Sources */ = {isa = PBXBuildFile; fileRef = 9CDCBE7E1CDEEFE20073A005 /* SignupCenterViewController.swift */; };
		9CDCBE831CDF47BD0073A005 /* LoginContainerViewController.swift in Sources */ = {isa = PBXBuildFile; fileRef = 9CDCBE821CDF47BD0073A005 /* LoginContainerViewController.swift */; };
		9CDCBE851CDF48360073A005 /* LoginCenterViewController.swift in Sources */ = {isa = PBXBuildFile; fileRef = 9CDCBE841CDF48360073A005 /* LoginCenterViewController.swift */; };
		9CDCBE871CDFF4F80073A005 /* ShoppingCartViewController.swift in Sources */ = {isa = PBXBuildFile; fileRef = 9CDCBE861CDFF4F80073A005 /* ShoppingCartViewController.swift */; };
		9CDCBE891CE0120D0073A005 /* UserModel.swift in Sources */ = {isa = PBXBuildFile; fileRef = 9CDCBE881CE0120D0073A005 /* UserModel.swift */; };
/* End PBXBuildFile section */

/* Begin PBXContainerItemProxy section */
		9C7EEBE51CB0A8F600A0F3A2 /* PBXContainerItemProxy */ = {
			isa = PBXContainerItemProxy;
			containerPortal = 9C7EEBC51CB0A8F600A0F3A2 /* Project object */;
			proxyType = 1;
			remoteGlobalIDString = 9C7EEBCC1CB0A8F600A0F3A2;
			remoteInfo = iconmerce;
		};
		9C7EEBF01CB0A8F600A0F3A2 /* PBXContainerItemProxy */ = {
			isa = PBXContainerItemProxy;
			containerPortal = 9C7EEBC51CB0A8F600A0F3A2 /* Project object */;
			proxyType = 1;
			remoteGlobalIDString = 9C7EEBCC1CB0A8F600A0F3A2;
			remoteInfo = iconmerce;
		};
/* End PBXContainerItemProxy section */

/* Begin PBXCopyFilesBuildPhase section */
		9C7830CE1CEC1DEA0070B06F /* Embed Frameworks */ = {
			isa = PBXCopyFilesBuildPhase;
			buildActionMask = 2147483647;
			dstPath = "";
			dstSubfolderSpec = 10;
			files = (
				9C7830CD1CEC1DEA0070B06F /* MGSwipeTableCell.framework in Embed Frameworks */,
			);
			name = "Embed Frameworks";
			runOnlyForDeploymentPostprocessing = 0;
		};
/* End PBXCopyFilesBuildPhase section */

/* Begin PBXFileReference section */
		995B80901CEFA8A800D3D498 /* EditUserProfile.swift */ = {isa = PBXFileReference; fileEncoding = 4; lastKnownFileType = sourcecode.swift; path = EditUserProfile.swift; sourceTree = "<group>"; };
		9C12777D1CFDC2DF00B22C6E /* HistoryContainerViewController.swift */ = {isa = PBXFileReference; fileEncoding = 4; lastKnownFileType = sourcecode.swift; path = HistoryContainerViewController.swift; sourceTree = "<group>"; };
		9C12777F1CFDC3CF00B22C6E /* HistoryCenterViewController.swift */ = {isa = PBXFileReference; fileEncoding = 4; lastKnownFileType = sourcecode.swift; path = HistoryCenterViewController.swift; sourceTree = "<group>"; };
		9C35E6551CE9B18700C5C0C8 /* ProfileContainerViewController.swift */ = {isa = PBXFileReference; fileEncoding = 4; lastKnownFileType = sourcecode.swift; path = ProfileContainerViewController.swift; sourceTree = "<group>"; };
		9C35E6571CE9B1E900C5C0C8 /* ProfileCenterViewController.swift */ = {isa = PBXFileReference; fileEncoding = 4; lastKnownFileType = sourcecode.swift; path = ProfileCenterViewController.swift; sourceTree = "<group>"; };
		9C35E65B1CE9D31700C5C0C8 /* Shopping-Cart-icon.png */ = {isa = PBXFileReference; lastKnownFileType = image.png; path = "Shopping-Cart-icon.png"; sourceTree = "<group>"; };
		9C35E65D1CE9D3F400C5C0C8 /* Shopping-Cart-icon2.png */ = {isa = PBXFileReference; lastKnownFileType = image.png; path = "Shopping-Cart-icon2.png"; sourceTree = "<group>"; };
		9C4E67891CBAE9A2009D807A /* IconModel.swift */ = {isa = PBXFileReference; fileEncoding = 4; lastKnownFileType = sourcecode.swift; path = IconModel.swift; sourceTree = "<group>"; };
		9C4E678B1CBAEBE1009D807A /* SwiftyJSON.swift */ = {isa = PBXFileReference; fileEncoding = 4; lastKnownFileType = sourcecode.swift; path = SwiftyJSON.swift; sourceTree = "<group>"; };
		9C4E678D1CBB1B85009D807A /* star.png */ = {isa = PBXFileReference; lastKnownFileType = image.png; path = star.png; sourceTree = "<group>"; };
		9C4E678F1CBB1E89009D807A /* chest.png */ = {isa = PBXFileReference; lastKnownFileType = image.png; path = chest.png; sourceTree = "<group>"; };
		9C4E67911CBB1E99009D807A /* charging_iconcopy.png */ = {isa = PBXFileReference; lastKnownFileType = image.png; path = charging_iconcopy.png; sourceTree = "<group>"; };
		9C4E67931CBB1EA2009D807A /* exit_icon.png */ = {isa = PBXFileReference; lastKnownFileType = image.png; path = exit_icon.png; sourceTree = "<group>"; };
		9C4E67951CBB1EAD009D807A /* streetLights_icon.png */ = {isa = PBXFileReference; lastKnownFileType = image.png; path = streetLights_icon.png; sourceTree = "<group>"; };
		9C506AC01D06C90F003EBAF1 /* EmptyPlaceHolderViewController.swift */ = {isa = PBXFileReference; fileEncoding = 4; lastKnownFileType = sourcecode.swift; path = EmptyPlaceHolderViewController.swift; sourceTree = "<group>"; };
		9C5AEC0A1D04BCA200D638CF /* PurchaseModel.swift */ = {isa = PBXFileReference; fileEncoding = 4; lastKnownFileType = sourcecode.swift; path = PurchaseModel.swift; sourceTree = "<group>"; };
		9C5AEC0E1D04F54F00D638CF /* SuccessViewController.swift */ = {isa = PBXFileReference; fileEncoding = 4; lastKnownFileType = sourcecode.swift; path = SuccessViewController.swift; sourceTree = "<group>"; };
		9C692A0B1D054B0C00DC677A /* RatingControl.swift */ = {isa = PBXFileReference; fileEncoding = 4; lastKnownFileType = sourcecode.swift; path = RatingControl.swift; sourceTree = "<group>"; };
		9C692A0D1D055EDD00DC677A /* ReviewViewController.swift */ = {isa = PBXFileReference; fileEncoding = 4; lastKnownFileType = sourcecode.swift; path = ReviewViewController.swift; sourceTree = "<group>"; };
		9C692A0F1D05769200DC677A /* ReviewModel.swift */ = {isa = PBXFileReference; fileEncoding = 4; lastKnownFileType = sourcecode.swift; path = ReviewModel.swift; sourceTree = "<group>"; };
		9C75220E1CD6D8EB004E9D13 /* IconContainerViewController.swift */ = {isa = PBXFileReference; fileEncoding = 4; lastKnownFileType = sourcecode.swift; path = IconContainerViewController.swift; sourceTree = "<group>"; };
		9C7522101CD6D92C004E9D13 /* IconCenterViewController.swift */ = {isa = PBXFileReference; fileEncoding = 4; lastKnownFileType = sourcecode.swift; path = IconCenterViewController.swift; sourceTree = "<group>"; };
		9C7830C61CEC0A910070B06F /* Stripe.framework */ = {isa = PBXFileReference; lastKnownFileType = wrapper.framework; path = Stripe.framework; sourceTree = "<group>"; };
		9C7830C81CEC0AFA0070B06F /* PaymentViewController.swift */ = {isa = PBXFileReference; fileEncoding = 4; lastKnownFileType = sourcecode.swift; path = PaymentViewController.swift; sourceTree = "<group>"; };
		9C7830CA1CEC1CDF0070B06F /* MGSwipeTableCell.framework */ = {isa = PBXFileReference; lastKnownFileType = wrapper.framework; path = MGSwipeTableCell.framework; sourceTree = "<group>"; };
		9C7EEBCD1CB0A8F600A0F3A2 /* iconmerce.app */ = {isa = PBXFileReference; explicitFileType = wrapper.application; includeInIndex = 0; path = iconmerce.app; sourceTree = BUILT_PRODUCTS_DIR; };
		9C7EEBD01CB0A8F600A0F3A2 /* AppDelegate.swift */ = {isa = PBXFileReference; lastKnownFileType = sourcecode.swift; path = AppDelegate.swift; sourceTree = "<group>"; };
		9C7EEBD21CB0A8F600A0F3A2 /* ContainerViewController.swift */ = {isa = PBXFileReference; lastKnownFileType = sourcecode.swift; path = ContainerViewController.swift; sourceTree = "<group>"; };
		9C7EEBD51CB0A8F600A0F3A2 /* Base */ = {isa = PBXFileReference; lastKnownFileType = file.storyboard; name = Base; path = Base.lproj/Main.storyboard; sourceTree = "<group>"; };
		9C7EEBD81CB0A8F600A0F3A2 /* iconmerce.xcdatamodel */ = {isa = PBXFileReference; lastKnownFileType = wrapper.xcdatamodel; path = iconmerce.xcdatamodel; sourceTree = "<group>"; };
		9C7EEBDA1CB0A8F600A0F3A2 /* Assets.xcassets */ = {isa = PBXFileReference; lastKnownFileType = folder.assetcatalog; path = Assets.xcassets; sourceTree = "<group>"; };
		9C7EEBDF1CB0A8F600A0F3A2 /* Info.plist */ = {isa = PBXFileReference; lastKnownFileType = text.plist.xml; path = Info.plist; sourceTree = "<group>"; };
		9C7EEBE41CB0A8F600A0F3A2 /* iconmerceTests.xctest */ = {isa = PBXFileReference; explicitFileType = wrapper.cfbundle; includeInIndex = 0; path = iconmerceTests.xctest; sourceTree = BUILT_PRODUCTS_DIR; };
		9C7EEBE81CB0A8F600A0F3A2 /* iconmerceTests.swift */ = {isa = PBXFileReference; lastKnownFileType = sourcecode.swift; path = iconmerceTests.swift; sourceTree = "<group>"; };
		9C7EEBEA1CB0A8F600A0F3A2 /* Info.plist */ = {isa = PBXFileReference; lastKnownFileType = text.plist.xml; path = Info.plist; sourceTree = "<group>"; };
		9C7EEBEF1CB0A8F600A0F3A2 /* iconmerceUITests.xctest */ = {isa = PBXFileReference; explicitFileType = wrapper.cfbundle; includeInIndex = 0; path = iconmerceUITests.xctest; sourceTree = BUILT_PRODUCTS_DIR; };
		9C7EEBF31CB0A8F600A0F3A2 /* iconmerceUITests.swift */ = {isa = PBXFileReference; lastKnownFileType = sourcecode.swift; path = iconmerceUITests.swift; sourceTree = "<group>"; };
		9C7EEBF51CB0A8F600A0F3A2 /* Info.plist */ = {isa = PBXFileReference; lastKnownFileType = text.plist.xml; path = Info.plist; sourceTree = "<group>"; };
		9C7EEC011CB0D81D00A0F3A2 /* CenterViewController.swift */ = {isa = PBXFileReference; fileEncoding = 4; lastKnownFileType = sourcecode.swift; path = CenterViewController.swift; sourceTree = "<group>"; };
		9C7EEC031CB0EF9B00A0F3A2 /* SidePanelViewController.swift */ = {isa = PBXFileReference; fileEncoding = 4; lastKnownFileType = sourcecode.swift; path = SidePanelViewController.swift; sourceTree = "<group>"; };
		9CDCBE7C1CDEEFD60073A005 /* SignupContainerViewController.swift */ = {isa = PBXFileReference; fileEncoding = 4; lastKnownFileType = sourcecode.swift; path = SignupContainerViewController.swift; sourceTree = "<group>"; };
		9CDCBE7E1CDEEFE20073A005 /* SignupCenterViewController.swift */ = {isa = PBXFileReference; fileEncoding = 4; lastKnownFileType = sourcecode.swift; path = SignupCenterViewController.swift; sourceTree = "<group>"; };
		9CDCBE821CDF47BD0073A005 /* LoginContainerViewController.swift */ = {isa = PBXFileReference; fileEncoding = 4; lastKnownFileType = sourcecode.swift; path = LoginContainerViewController.swift; sourceTree = "<group>"; };
		9CDCBE841CDF48360073A005 /* LoginCenterViewController.swift */ = {isa = PBXFileReference; fileEncoding = 4; lastKnownFileType = sourcecode.swift; path = LoginCenterViewController.swift; sourceTree = "<group>"; };
		9CDCBE861CDFF4F80073A005 /* ShoppingCartViewController.swift */ = {isa = PBXFileReference; fileEncoding = 4; lastKnownFileType = sourcecode.swift; path = ShoppingCartViewController.swift; sourceTree = "<group>"; };
		9CDCBE881CE0120D0073A005 /* UserModel.swift */ = {isa = PBXFileReference; fileEncoding = 4; lastKnownFileType = sourcecode.swift; path = UserModel.swift; sourceTree = "<group>"; };
/* End PBXFileReference section */

/* Begin PBXFrameworksBuildPhase section */
		9C7EEBCA1CB0A8F600A0F3A2 /* Frameworks */ = {
			isa = PBXFrameworksBuildPhase;
			buildActionMask = 2147483647;
			files = (
				9C7830CC1CEC1DEA0070B06F /* MGSwipeTableCell.framework in Frameworks */,
				9C7830C71CEC0A910070B06F /* Stripe.framework in Frameworks */,
			);
			runOnlyForDeploymentPostprocessing = 0;
		};
		9C7EEBE11CB0A8F600A0F3A2 /* Frameworks */ = {
			isa = PBXFrameworksBuildPhase;
			buildActionMask = 2147483647;
			files = (
			);
			runOnlyForDeploymentPostprocessing = 0;
		};
		9C7EEBEC1CB0A8F600A0F3A2 /* Frameworks */ = {
			isa = PBXFrameworksBuildPhase;
			buildActionMask = 2147483647;
			files = (
			);
			runOnlyForDeploymentPostprocessing = 0;
		};
/* End PBXFrameworksBuildPhase section */

/* Begin PBXGroup section */
		9C7EEBC41CB0A8F600A0F3A2 = {
			isa = PBXGroup;
			children = (
				9C7EEBCF1CB0A8F600A0F3A2 /* iconmerce */,
				9C7EEBE71CB0A8F600A0F3A2 /* iconmerceTests */,
				9C7EEBF21CB0A8F600A0F3A2 /* iconmerceUITests */,
				9C7EEBCE1CB0A8F600A0F3A2 /* Products */,
			);
			sourceTree = "<group>";
		};
		9C7EEBCE1CB0A8F600A0F3A2 /* Products */ = {
			isa = PBXGroup;
			children = (
				9C7EEBCD1CB0A8F600A0F3A2 /* iconmerce.app */,
				9C7EEBE41CB0A8F600A0F3A2 /* iconmerceTests.xctest */,
				9C7EEBEF1CB0A8F600A0F3A2 /* iconmerceUITests.xctest */,
			);
			name = Products;
			sourceTree = "<group>";
		};
		9C7EEBCF1CB0A8F600A0F3A2 /* iconmerce */ = {
			isa = PBXGroup;
			children = (
				9C7830CA1CEC1CDF0070B06F /* MGSwipeTableCell.framework */,
				9C7830C61CEC0A910070B06F /* Stripe.framework */,
				9CDCBE811CDF46F30073A005 /* img */,
				9C4E678B1CBAEBE1009D807A /* SwiftyJSON.swift */,
				9C7830C81CEC0AFA0070B06F /* PaymentViewController.swift */,
				9C7EEBD01CB0A8F600A0F3A2 /* AppDelegate.swift */,
				9C7EEBD21CB0A8F600A0F3A2 /* ContainerViewController.swift */,
				9C7EEBD41CB0A8F600A0F3A2 /* Main.storyboard */,
				9C7EEBDA1CB0A8F600A0F3A2 /* Assets.xcassets */,
				9C7EEBDF1CB0A8F600A0F3A2 /* Info.plist */,
				9C7EEBD71CB0A8F600A0F3A2 /* iconmerce.xcdatamodeld */,
				9C7EEC011CB0D81D00A0F3A2 /* CenterViewController.swift */,
				9C7EEC031CB0EF9B00A0F3A2 /* SidePanelViewController.swift */,
				9C4E67891CBAE9A2009D807A /* IconModel.swift */,
				9C75220E1CD6D8EB004E9D13 /* IconContainerViewController.swift */,
				9C7522101CD6D92C004E9D13 /* IconCenterViewController.swift */,
				9CDCBE7C1CDEEFD60073A005 /* SignupContainerViewController.swift */,
				9CDCBE7E1CDEEFE20073A005 /* SignupCenterViewController.swift */,
				9CDCBE821CDF47BD0073A005 /* LoginContainerViewController.swift */,
				9CDCBE841CDF48360073A005 /* LoginCenterViewController.swift */,
				9CDCBE861CDFF4F80073A005 /* ShoppingCartViewController.swift */,
				9CDCBE881CE0120D0073A005 /* UserModel.swift */,
				9C35E6551CE9B18700C5C0C8 /* ProfileContainerViewController.swift */,
				995B80901CEFA8A800D3D498 /* EditUserProfile.swift */,
				9C35E6571CE9B1E900C5C0C8 /* ProfileCenterViewController.swift */,
				9C12777D1CFDC2DF00B22C6E /* HistoryContainerViewController.swift */,
				9C12777F1CFDC3CF00B22C6E /* HistoryCenterViewController.swift */,
				9C5AEC0A1D04BCA200D638CF /* PurchaseModel.swift */,
				9C5AEC0E1D04F54F00D638CF /* SuccessViewController.swift */,
				9C692A0B1D054B0C00DC677A /* RatingControl.swift */,
				9C692A0D1D055EDD00DC677A /* ReviewViewController.swift */,
				9C692A0F1D05769200DC677A /* ReviewModel.swift */,
				9C506AC01D06C90F003EBAF1 /* EmptyPlaceHolderViewController.swift */,
			);
			path = iconmerce;
			sourceTree = "<group>";
		};
		9C7EEBE71CB0A8F600A0F3A2 /* iconmerceTests */ = {
			isa = PBXGroup;
			children = (
				9C7EEBE81CB0A8F600A0F3A2 /* iconmerceTests.swift */,
				9C7EEBEA1CB0A8F600A0F3A2 /* Info.plist */,
			);
			path = iconmerceTests;
			sourceTree = "<group>";
		};
		9C7EEBF21CB0A8F600A0F3A2 /* iconmerceUITests */ = {
			isa = PBXGroup;
			children = (
				9C7EEBF31CB0A8F600A0F3A2 /* iconmerceUITests.swift */,
				9C7EEBF51CB0A8F600A0F3A2 /* Info.plist */,
			);
			path = iconmerceUITests;
			sourceTree = "<group>";
		};
		9CDCBE811CDF46F30073A005 /* img */ = {
			isa = PBXGroup;
			children = (
				9C35E65B1CE9D31700C5C0C8 /* Shopping-Cart-icon.png */,
				9C35E65D1CE9D3F400C5C0C8 /* Shopping-Cart-icon2.png */,
				9C4E67931CBB1EA2009D807A /* exit_icon.png */,
				9C4E678D1CBB1B85009D807A /* star.png */,
				9C4E67951CBB1EAD009D807A /* streetLights_icon.png */,
				9C4E67911CBB1E99009D807A /* charging_iconcopy.png */,
				9C4E678F1CBB1E89009D807A /* chest.png */,
			);
			name = img;
			sourceTree = "<group>";
		};
/* End PBXGroup section */

/* Begin PBXNativeTarget section */
		9C7EEBCC1CB0A8F600A0F3A2 /* iconmerce */ = {
			isa = PBXNativeTarget;
			buildConfigurationList = 9C7EEBF81CB0A8F600A0F3A2 /* Build configuration list for PBXNativeTarget "iconmerce" */;
			buildPhases = (
				9C7EEBC91CB0A8F600A0F3A2 /* Sources */,
				9C7EEBCA1CB0A8F600A0F3A2 /* Frameworks */,
				9C7EEBCB1CB0A8F600A0F3A2 /* Resources */,
				9C7830CE1CEC1DEA0070B06F /* Embed Frameworks */,
			);
			buildRules = (
			);
			dependencies = (
			);
			name = iconmerce;
			productName = iconmerce;
			productReference = 9C7EEBCD1CB0A8F600A0F3A2 /* iconmerce.app */;
			productType = "com.apple.product-type.application";
		};
		9C7EEBE31CB0A8F600A0F3A2 /* iconmerceTests */ = {
			isa = PBXNativeTarget;
			buildConfigurationList = 9C7EEBFB1CB0A8F600A0F3A2 /* Build configuration list for PBXNativeTarget "iconmerceTests" */;
			buildPhases = (
				9C7EEBE01CB0A8F600A0F3A2 /* Sources */,
				9C7EEBE11CB0A8F600A0F3A2 /* Frameworks */,
				9C7EEBE21CB0A8F600A0F3A2 /* Resources */,
			);
			buildRules = (
			);
			dependencies = (
				9C7EEBE61CB0A8F600A0F3A2 /* PBXTargetDependency */,
			);
			name = iconmerceTests;
			productName = iconmerceTests;
			productReference = 9C7EEBE41CB0A8F600A0F3A2 /* iconmerceTests.xctest */;
			productType = "com.apple.product-type.bundle.unit-test";
		};
		9C7EEBEE1CB0A8F600A0F3A2 /* iconmerceUITests */ = {
			isa = PBXNativeTarget;
			buildConfigurationList = 9C7EEBFE1CB0A8F600A0F3A2 /* Build configuration list for PBXNativeTarget "iconmerceUITests" */;
			buildPhases = (
				9C7EEBEB1CB0A8F600A0F3A2 /* Sources */,
				9C7EEBEC1CB0A8F600A0F3A2 /* Frameworks */,
				9C7EEBED1CB0A8F600A0F3A2 /* Resources */,
			);
			buildRules = (
			);
			dependencies = (
				9C7EEBF11CB0A8F600A0F3A2 /* PBXTargetDependency */,
			);
			name = iconmerceUITests;
			productName = iconmerceUITests;
			productReference = 9C7EEBEF1CB0A8F600A0F3A2 /* iconmerceUITests.xctest */;
			productType = "com.apple.product-type.bundle.ui-testing";
		};
/* End PBXNativeTarget section */

/* Begin PBXProject section */
		9C7EEBC51CB0A8F600A0F3A2 /* Project object */ = {
			isa = PBXProject;
			attributes = {
				LastSwiftUpdateCheck = 0720;
				LastUpgradeCheck = 0720;
				ORGANIZATIONNAME = iconmerce;
				TargetAttributes = {
					9C7EEBCC1CB0A8F600A0F3A2 = {
						CreatedOnToolsVersion = 7.2.1;
						DevelopmentTeam = 2G3K7TFJ79;
					};
					9C7EEBE31CB0A8F600A0F3A2 = {
						CreatedOnToolsVersion = 7.2.1;
						DevelopmentTeam = 2G3K7TFJ79;
						TestTargetID = 9C7EEBCC1CB0A8F600A0F3A2;
					};
					9C7EEBEE1CB0A8F600A0F3A2 = {
						CreatedOnToolsVersion = 7.2.1;
						DevelopmentTeam = 2G3K7TFJ79;
						TestTargetID = 9C7EEBCC1CB0A8F600A0F3A2;
					};
				};
			};
			buildConfigurationList = 9C7EEBC81CB0A8F600A0F3A2 /* Build configuration list for PBXProject "iconmerce" */;
			compatibilityVersion = "Xcode 3.2";
			developmentRegion = English;
			hasScannedForEncodings = 0;
			knownRegions = (
				en,
				Base,
			);
			mainGroup = 9C7EEBC41CB0A8F600A0F3A2;
			productRefGroup = 9C7EEBCE1CB0A8F600A0F3A2 /* Products */;
			projectDirPath = "";
			projectRoot = "";
			targets = (
				9C7EEBCC1CB0A8F600A0F3A2 /* iconmerce */,
				9C7EEBE31CB0A8F600A0F3A2 /* iconmerceTests */,
				9C7EEBEE1CB0A8F600A0F3A2 /* iconmerceUITests */,
			);
		};
/* End PBXProject section */

/* Begin PBXResourcesBuildPhase section */
		9C7EEBCB1CB0A8F600A0F3A2 /* Resources */ = {
			isa = PBXResourcesBuildPhase;
			buildActionMask = 2147483647;
			files = (
				9C4E67921CBB1E99009D807A /* charging_iconcopy.png in Resources */,
				9C4E67961CBB1EAD009D807A /* streetLights_icon.png in Resources */,
				9C35E65C1CE9D31700C5C0C8 /* Shopping-Cart-icon.png in Resources */,
				9C4E67941CBB1EA2009D807A /* exit_icon.png in Resources */,
				9C4E678E1CBB1B85009D807A /* star.png in Resources */,
				9C7EEBDB1CB0A8F600A0F3A2 /* Assets.xcassets in Resources */,
				9C4E67901CBB1E89009D807A /* chest.png in Resources */,
				9C7EEBD61CB0A8F600A0F3A2 /* Main.storyboard in Resources */,
				9C35E65E1CE9D3F400C5C0C8 /* Shopping-Cart-icon2.png in Resources */,
			);
			runOnlyForDeploymentPostprocessing = 0;
		};
		9C7EEBE21CB0A8F600A0F3A2 /* Resources */ = {
			isa = PBXResourcesBuildPhase;
			buildActionMask = 2147483647;
			files = (
			);
			runOnlyForDeploymentPostprocessing = 0;
		};
		9C7EEBED1CB0A8F600A0F3A2 /* Resources */ = {
			isa = PBXResourcesBuildPhase;
			buildActionMask = 2147483647;
			files = (
			);
			runOnlyForDeploymentPostprocessing = 0;
		};
/* End PBXResourcesBuildPhase section */

/* Begin PBXSourcesBuildPhase section */
		9C7EEBC91CB0A8F600A0F3A2 /* Sources */ = {
			isa = PBXSourcesBuildPhase;
			buildActionMask = 2147483647;
			files = (
				9C506AC11D06C90F003EBAF1 /* EmptyPlaceHolderViewController.swift in Sources */,
				9C7522111CD6D92C004E9D13 /* IconCenterViewController.swift in Sources */,
				9CDCBE851CDF48360073A005 /* LoginCenterViewController.swift in Sources */,
				9C35E6561CE9B18700C5C0C8 /* ProfileContainerViewController.swift in Sources */,
				9C692A101D05769200DC677A /* ReviewModel.swift in Sources */,
				9C7EEBD31CB0A8F600A0F3A2 /* ContainerViewController.swift in Sources */,
				9C692A0C1D054B0C00DC677A /* RatingControl.swift in Sources */,
				9C1277801CFDC3CF00B22C6E /* HistoryCenterViewController.swift in Sources */,
				9CDCBE7F1CDEEFE20073A005 /* SignupCenterViewController.swift in Sources */,
				9C7EEC021CB0D81D00A0F3A2 /* CenterViewController.swift in Sources */,
				9C35E6581CE9B1E900C5C0C8 /* ProfileCenterViewController.swift in Sources */,
				9C7830C91CEC0AFA0070B06F /* PaymentViewController.swift in Sources */,
				9C4E678A1CBAE9A2009D807A /* IconModel.swift in Sources */,
				9CDCBE7D1CDEEFD60073A005 /* SignupContainerViewController.swift in Sources */,
				9C7EEC041CB0EF9B00A0F3A2 /* SidePanelViewController.swift in Sources */,
				9C5AEC0B1D04BCA200D638CF /* PurchaseModel.swift in Sources */,
				9CDCBE871CDFF4F80073A005 /* ShoppingCartViewController.swift in Sources */,
				995B80911CEFA8A800D3D498 /* EditUserProfile.swift in Sources */,
				9C7EEBD11CB0A8F600A0F3A2 /* AppDelegate.swift in Sources */,
				9C692A0E1D055EDD00DC677A /* ReviewViewController.swift in Sources */,
				9CDCBE831CDF47BD0073A005 /* LoginContainerViewController.swift in Sources */,
				9C12777E1CFDC2DF00B22C6E /* HistoryContainerViewController.swift in Sources */,
				9C75220F1CD6D8EB004E9D13 /* IconContainerViewController.swift in Sources */,
				9C4E678C1CBAEBE1009D807A /* SwiftyJSON.swift in Sources */,
				9CDCBE891CE0120D0073A005 /* UserModel.swift in Sources */,
				9C5AEC0F1D04F54F00D638CF /* SuccessViewController.swift in Sources */,
				9C7EEBD91CB0A8F600A0F3A2 /* iconmerce.xcdatamodeld in Sources */,
			);
			runOnlyForDeploymentPostprocessing = 0;
		};
		9C7EEBE01CB0A8F600A0F3A2 /* Sources */ = {
			isa = PBXSourcesBuildPhase;
			buildActionMask = 2147483647;
			files = (
				9C7EEBE91CB0A8F600A0F3A2 /* iconmerceTests.swift in Sources */,
			);
			runOnlyForDeploymentPostprocessing = 0;
		};
		9C7EEBEB1CB0A8F600A0F3A2 /* Sources */ = {
			isa = PBXSourcesBuildPhase;
			buildActionMask = 2147483647;
			files = (
				9C7EEBF41CB0A8F600A0F3A2 /* iconmerceUITests.swift in Sources */,
			);
			runOnlyForDeploymentPostprocessing = 0;
		};
/* End PBXSourcesBuildPhase section */

/* Begin PBXTargetDependency section */
		9C7EEBE61CB0A8F600A0F3A2 /* PBXTargetDependency */ = {
			isa = PBXTargetDependency;
			target = 9C7EEBCC1CB0A8F600A0F3A2 /* iconmerce */;
			targetProxy = 9C7EEBE51CB0A8F600A0F3A2 /* PBXContainerItemProxy */;
		};
		9C7EEBF11CB0A8F600A0F3A2 /* PBXTargetDependency */ = {
			isa = PBXTargetDependency;
			target = 9C7EEBCC1CB0A8F600A0F3A2 /* iconmerce */;
			targetProxy = 9C7EEBF01CB0A8F600A0F3A2 /* PBXContainerItemProxy */;
		};
/* End PBXTargetDependency section */

/* Begin PBXVariantGroup section */
		9C7EEBD41CB0A8F600A0F3A2 /* Main.storyboard */ = {
			isa = PBXVariantGroup;
			children = (
				9C7EEBD51CB0A8F600A0F3A2 /* Base */,
			);
			name = Main.storyboard;
			sourceTree = "<group>";
		};
/* End PBXVariantGroup section */

/* Begin XCBuildConfiguration section */
		9C7EEBF61CB0A8F600A0F3A2 /* Debug */ = {
			isa = XCBuildConfiguration;
			buildSettings = {
				ALWAYS_SEARCH_USER_PATHS = NO;
				CLANG_CXX_LANGUAGE_STANDARD = "gnu++0x";
				CLANG_CXX_LIBRARY = "libc++";
				CLANG_ENABLE_MODULES = YES;
				CLANG_ENABLE_OBJC_ARC = YES;
				CLANG_WARN_BOOL_CONVERSION = YES;
				CLANG_WARN_CONSTANT_CONVERSION = YES;
				CLANG_WARN_DIRECT_OBJC_ISA_USAGE = YES_ERROR;
				CLANG_WARN_EMPTY_BODY = YES;
				CLANG_WARN_ENUM_CONVERSION = YES;
				CLANG_WARN_INT_CONVERSION = YES;
				CLANG_WARN_OBJC_ROOT_CLASS = YES_ERROR;
				CLANG_WARN_UNREACHABLE_CODE = YES;
				CLANG_WARN__DUPLICATE_METHOD_MATCH = YES;
				"CODE_SIGN_IDENTITY[sdk=iphoneos*]" = "iPhone Developer";
				COPY_PHASE_STRIP = NO;
				DEBUG_INFORMATION_FORMAT = dwarf;
				ENABLE_STRICT_OBJC_MSGSEND = YES;
				ENABLE_TESTABILITY = YES;
				GCC_C_LANGUAGE_STANDARD = gnu99;
				GCC_DYNAMIC_NO_PIC = NO;
				GCC_NO_COMMON_BLOCKS = YES;
				GCC_OPTIMIZATION_LEVEL = 0;
				GCC_PREPROCESSOR_DEFINITIONS = (
					"DEBUG=1",
					"$(inherited)",
				);
				GCC_WARN_64_TO_32_BIT_CONVERSION = YES;
				GCC_WARN_ABOUT_RETURN_TYPE = YES_ERROR;
				GCC_WARN_UNDECLARED_SELECTOR = YES;
				GCC_WARN_UNINITIALIZED_AUTOS = YES_AGGRESSIVE;
				GCC_WARN_UNUSED_FUNCTION = YES;
				GCC_WARN_UNUSED_VARIABLE = YES;
				IPHONEOS_DEPLOYMENT_TARGET = 9.2;
				MTL_ENABLE_DEBUG_INFO = YES;
				ONLY_ACTIVE_ARCH = YES;
				SDKROOT = iphoneos;
				SWIFT_OPTIMIZATION_LEVEL = "-Onone";
			};
			name = Debug;
		};
		9C7EEBF71CB0A8F600A0F3A2 /* Release */ = {
			isa = XCBuildConfiguration;
			buildSettings = {
				ALWAYS_SEARCH_USER_PATHS = NO;
				CLANG_CXX_LANGUAGE_STANDARD = "gnu++0x";
				CLANG_CXX_LIBRARY = "libc++";
				CLANG_ENABLE_MODULES = YES;
				CLANG_ENABLE_OBJC_ARC = YES;
				CLANG_WARN_BOOL_CONVERSION = YES;
				CLANG_WARN_CONSTANT_CONVERSION = YES;
				CLANG_WARN_DIRECT_OBJC_ISA_USAGE = YES_ERROR;
				CLANG_WARN_EMPTY_BODY = YES;
				CLANG_WARN_ENUM_CONVERSION = YES;
				CLANG_WARN_INT_CONVERSION = YES;
				CLANG_WARN_OBJC_ROOT_CLASS = YES_ERROR;
				CLANG_WARN_UNREACHABLE_CODE = YES;
				CLANG_WARN__DUPLICATE_METHOD_MATCH = YES;
				"CODE_SIGN_IDENTITY[sdk=iphoneos*]" = "iPhone Developer";
				COPY_PHASE_STRIP = NO;
				DEBUG_INFORMATION_FORMAT = "dwarf-with-dsym";
				ENABLE_NS_ASSERTIONS = NO;
				ENABLE_STRICT_OBJC_MSGSEND = YES;
				GCC_C_LANGUAGE_STANDARD = gnu99;
				GCC_NO_COMMON_BLOCKS = YES;
				GCC_WARN_64_TO_32_BIT_CONVERSION = YES;
				GCC_WARN_ABOUT_RETURN_TYPE = YES_ERROR;
				GCC_WARN_UNDECLARED_SELECTOR = YES;
				GCC_WARN_UNINITIALIZED_AUTOS = YES_AGGRESSIVE;
				GCC_WARN_UNUSED_FUNCTION = YES;
				GCC_WARN_UNUSED_VARIABLE = YES;
				IPHONEOS_DEPLOYMENT_TARGET = 9.2;
				MTL_ENABLE_DEBUG_INFO = NO;
				SDKROOT = iphoneos;
				VALIDATE_PRODUCT = YES;
			};
			name = Release;
		};
		9C7EEBF91CB0A8F600A0F3A2 /* Debug */ = {
			isa = XCBuildConfiguration;
			buildSettings = {
				ASSETCATALOG_COMPILER_APPICON_NAME = AppIcon;
				FRAMEWORK_SEARCH_PATHS = (
					"$(inherited)",
					"$(PROJECT_DIR)",
					"$(PROJECT_DIR)/iconmerce",
				);
				INFOPLIST_FILE = iconmerce/Info.plist;
				LD_RUNPATH_SEARCH_PATHS = "$(inherited) @executable_path/Frameworks";
				PRODUCT_BUNDLE_IDENTIFIER = com.example.iconmerce;
				PRODUCT_NAME = "$(TARGET_NAME)";
			};
			name = Debug;
		};
		9C7EEBFA1CB0A8F600A0F3A2 /* Release */ = {
			isa = XCBuildConfiguration;
			buildSettings = {
				ASSETCATALOG_COMPILER_APPICON_NAME = AppIcon;
				FRAMEWORK_SEARCH_PATHS = (
					"$(inherited)",
					"$(PROJECT_DIR)",
					"$(PROJECT_DIR)/iconmerce",
				);
				INFOPLIST_FILE = iconmerce/Info.plist;
				LD_RUNPATH_SEARCH_PATHS = "$(inherited) @executable_path/Frameworks";
				PRODUCT_BUNDLE_IDENTIFIER = com.example.iconmerce;
				PRODUCT_NAME = "$(TARGET_NAME)";
			};
			name = Release;
		};
		9C7EEBFC1CB0A8F600A0F3A2 /* Debug */ = {
			isa = XCBuildConfiguration;
			buildSettings = {
				BUNDLE_LOADER = "$(TEST_HOST)";
				INFOPLIST_FILE = iconmerceTests/Info.plist;
				LD_RUNPATH_SEARCH_PATHS = "$(inherited) @executable_path/Frameworks @loader_path/Frameworks";
				PRODUCT_BUNDLE_IDENTIFIER = com.example.iconmerceTests;
				PRODUCT_NAME = "$(TARGET_NAME)";
				TEST_HOST = "$(BUILT_PRODUCTS_DIR)/iconmerce.app/iconmerce";
			};
			name = Debug;
		};
		9C7EEBFD1CB0A8F600A0F3A2 /* Release */ = {
			isa = XCBuildConfiguration;
			buildSettings = {
				BUNDLE_LOADER = "$(TEST_HOST)";
				INFOPLIST_FILE = iconmerceTests/Info.plist;
				LD_RUNPATH_SEARCH_PATHS = "$(inherited) @executable_path/Frameworks @loader_path/Frameworks";
				PRODUCT_BUNDLE_IDENTIFIER = com.example.iconmerceTests;
				PRODUCT_NAME = "$(TARGET_NAME)";
				TEST_HOST = "$(BUILT_PRODUCTS_DIR)/iconmerce.app/iconmerce";
			};
			name = Release;
		};
		9C7EEBFF1CB0A8F600A0F3A2 /* Debug */ = {
			isa = XCBuildConfiguration;
			buildSettings = {
				INFOPLIST_FILE = iconmerceUITests/Info.plist;
				LD_RUNPATH_SEARCH_PATHS = "$(inherited) @executable_path/Frameworks @loader_path/Frameworks";
				PRODUCT_BUNDLE_IDENTIFIER = com.example.iconmerceUITests;
				PRODUCT_NAME = "$(TARGET_NAME)";
				TEST_TARGET_NAME = iconmerce;
				USES_XCTRUNNER = YES;
			};
			name = Debug;
		};
		9C7EEC001CB0A8F600A0F3A2 /* Release */ = {
			isa = XCBuildConfiguration;
			buildSettings = {
				INFOPLIST_FILE = iconmerceUITests/Info.plist;
				LD_RUNPATH_SEARCH_PATHS = "$(inherited) @executable_path/Frameworks @loader_path/Frameworks";
				PRODUCT_BUNDLE_IDENTIFIER = com.example.iconmerceUITests;
				PRODUCT_NAME = "$(TARGET_NAME)";
				TEST_TARGET_NAME = iconmerce;
				USES_XCTRUNNER = YES;
			};
			name = Release;
		};
/* End XCBuildConfiguration section */

/* Begin XCConfigurationList section */
		9C7EEBC81CB0A8F600A0F3A2 /* Build configuration list for PBXProject "iconmerce" */ = {
			isa = XCConfigurationList;
			buildConfigurations = (
				9C7EEBF61CB0A8F600A0F3A2 /* Debug */,
				9C7EEBF71CB0A8F600A0F3A2 /* Release */,
			);
			defaultConfigurationIsVisible = 0;
			defaultConfigurationName = Release;
		};
		9C7EEBF81CB0A8F600A0F3A2 /* Build configuration list for PBXNativeTarget "iconmerce" */ = {
			isa = XCConfigurationList;
			buildConfigurations = (
				9C7EEBF91CB0A8F600A0F3A2 /* Debug */,
				9C7EEBFA1CB0A8F600A0F3A2 /* Release */,
			);
			defaultConfigurationIsVisible = 0;
			defaultConfigurationName = Release;
		};
		9C7EEBFB1CB0A8F600A0F3A2 /* Build configuration list for PBXNativeTarget "iconmerceTests" */ = {
			isa = XCConfigurationList;
			buildConfigurations = (
				9C7EEBFC1CB0A8F600A0F3A2 /* Debug */,
				9C7EEBFD1CB0A8F600A0F3A2 /* Release */,
			);
			defaultConfigurationIsVisible = 0;
			defaultConfigurationName = Release;
		};
		9C7EEBFE1CB0A8F600A0F3A2 /* Build configuration list for PBXNativeTarget "iconmerceUITests" */ = {
			isa = XCConfigurationList;
			buildConfigurations = (
				9C7EEBFF1CB0A8F600A0F3A2 /* Debug */,
				9C7EEC001CB0A8F600A0F3A2 /* Release */,
			);
			defaultConfigurationIsVisible = 0;
			defaultConfigurationName = Release;
		};
/* End XCConfigurationList section */

/* Begin XCVersionGroup section */
		9C7EEBD71CB0A8F600A0F3A2 /* iconmerce.xcdatamodeld */ = {
			isa = XCVersionGroup;
			children = (
				9C7EEBD81CB0A8F600A0F3A2 /* iconmerce.xcdatamodel */,
			);
			currentVersion = 9C7EEBD81CB0A8F600A0F3A2 /* iconmerce.xcdatamodel */;
			path = iconmerce.xcdatamodeld;
			sourceTree = "<group>";
			versionGroupType = wrapper.xcdatamodel;
		};
/* End XCVersionGroup section */
	};
	rootObject = 9C7EEBC51CB0A8F600A0F3A2 /* Project object */;
}
